
Microsoft Visual Studio Solution File, Format Version 12.00
# Visual Studio Version 17
Project("{2150E333-8FDC-42A3-9474-1A3956D46DE8}") = "CMakePredefinedTargets", "CMakePredefinedTargets", "{6884985F-AAB1-3B7C-AF8A-3F2E9F814636}"
EndProject
Project("{2150E333-8FDC-42A3-9474-1A3956D46DE8}") = "GLFW3", "GLFW3", "{E8BD32A4-6A1A-3895-B3E9-EAA61E9CBEF1}"
EndProject
Project("{2150E333-8FDC-42A3-9474-1A3956D46DE8}") = "Examples", "GLFW3\Examples", "{DFC1ECB0-AACD-3E82-B118-08471A379A2F}"
EndProject
Project("{2150E333-8FDC-42A3-9474-1A3956D46DE8}") = "Tests", "GLFW3\Tests", "{DC9ACEC3-6AE8-3039-9618-55099F2879FE}"
EndProject
Project("{8BC9CEB8-8B4A-11D0-8D11-00A0C91BC942}") = "ALL_BUILD", "ALL_BUILD.vcxproj", "{D2BF1E5A-D026-3515-8F6A-5E3F4DF8364D}"
	ProjectSection(ProjectDependencies) = postProject
		{B4E88372-0354-343A-AAC5-EFD99F1959B3} = {B4E88372-0354-343A-AAC5-EFD99F1959B3}
		{ED3A80AD-CBC3-3B61-BBD1-202B7A271D45} = {ED3A80AD-CBC3-3B61-BBD1-202B7A271D45}
		{303BECE8-3529-30C1-B8E1-A9690E804576} = {303BECE8-3529-30C1-B8E1-A9690E804576}
		{DC2B9BA5-3E39-310A-A2CA-10144D482B98} = {DC2B9BA5-3E39-310A-A2CA-10144D482B98}
		{53B8B476-3694-3166-A507-046BDDAA04B9} = {53B8B476-3694-3166-A507-046BDDAA04B9}
		{6E2F9CCE-49FC-3CB7-8225-575C1030E53E} = {6E2F9CCE-49FC-3CB7-8225-575C1030E53E}
		{E00BFD59-DA43-303F-B943-A63B1F2E8A3C} = {E00BFD59-DA43-303F-B943-A63B1F2E8A3C}
		{E2EABB90-10FB-34BF-81E8-5F83CE5AA519} = {E2EABB90-10FB-34BF-81E8-5F83CE5AA519}
		{42F4B143-C573-3F65-BBF2-80AF19554C47} = {42F4B143-C573-3F65-BBF2-80AF19554C47}
		{CE1F11A8-A9D0-3940-AEA1-CE42B8619E35} = {CE1F11A8-A9D0-3940-AEA1-CE42B8619E35}
		{6578ECAA-3F13-3B5D-9515-334102FB1698} = {6578ECAA-3F13-3B5D-9515-334102FB1698}
		{F5F0C67E-9246-33CB-8AC9-88F8CA3D93EA} = {F5F0C67E-9246-33CB-8AC9-88F8CA3D93EA}
		{0F9595C3-6826-354E-AB58-C70D648D947E} = {0F9595C3-6826-354E-AB58-C70D648D947E}
		{A59D97DD-C610-3110-9752-5D23A3C0AA19} = {A59D97DD-C610-3110-9752-5D23A3C0AA19}
		{A1365E74-16A9-3E7A-8C2D-53E08F82A474} = {A1365E74-16A9-3E7A-8C2D-53E08F82A474}
		{B8D4BA1F-BE98-357C-AFBF-BCFDF0C2A825} = {B8D4BA1F-BE98-357C-AFBF-BCFDF0C2A825}
		{3BF72CAD-B757-31FC-8020-3B85EC7084FD} = {3BF72CAD-B757-31FC-8020-3B85EC7084FD}
		{6D079D44-FADE-39EA-A724-AB7714BFEFFE} = {6D079D44-FADE-39EA-A724-AB7714BFEFFE}
		{2934590B-EFFF-39D3-97FC-1C5218ADE877} = {2934590B-EFFF-39D3-97FC-1C5218ADE877}
		{89C73003-4850-319E-AC6C-C5479AE157B2} = {89C73003-4850-319E-AC6C-C5479AE157B2}
		{BED5D208-85E0-30B8-97CE-802AA05D9ED8} = {BED5D208-85E0-30B8-97CE-802AA05D9ED8}
		{BA2891C4-32A6-3E18-88A5-4BC5857C9857} = {BA2891C4-32A6-3E18-88A5-4BC5857C9857}
		{753F219E-69DA-3E6E-9418-180E6C9A182C} = {753F219E-69DA-3E6E-9418-180E6C9A182C}
		{04F03426-8AC8-31E2-B705-A9A7CE243390} = {04F03426-8AC8-31E2-B705-A9A7CE243390}
		{2034FA20-69B4-3015-A762-5A425E92B146} = {2034FA20-69B4-3015-A762-5A425E92B146}
		{638663D5-A37F-3792-86DE-02467FD7A5CF} = {638663D5-A37F-3792-86DE-02467FD7A5CF}
		{E7DE77B4-2842-38C7-9A16-14C245033E9F} = {E7DE77B4-2842-38C7-9A16-14C245033E9F}
		{8C5DE147-B28C-302A-A3C8-1D13AEE4B51E} = {8C5DE147-B28C-302A-A3C8-1D13AEE4B51E}
		{A88D42CF-B7E6-3F88-8ACA-C72B8207C63D} = {A88D42CF-B7E6-3F88-8ACA-C72B8207C63D}
		{54F2AD72-823F-3BDD-A330-F4353BE9216C} = {54F2AD72-823F-3BDD-A330-F4353BE9216C}
		{C498DD9C-D892-373F-9E11-2711EB490EF2} = {C498DD9C-D892-373F-9E11-2711EB490EF2}
		{77F962E7-17E4-3632-990E-952C257F50A7} = {77F962E7-17E4-3632-990E-952C257F50A7}
		{BAE83BEB-652F-3E64-A70C-84B1C9949DEB} = {BAE83BEB-652F-3E64-A70C-84B1C9949DEB}
		{A2FE13A6-DDF2-3CA5-828F-C42A6F432088} = {A2FE13A6-DDF2-3CA5-828F-C42A6F432088}
		{EAD3AFBC-3DD4-3745-BEFB-50BB0C69910B} = {EAD3AFBC-3DD4-3745-BEFB-50BB0C69910B}
		{D88A149F-7DDB-3A01-8211-8F369DA4EA80} = {D88A149F-7DDB-3A01-8211-8F369DA4EA80}
	EndProjectSection
EndProject
Project("{8BC9CEB8-8B4A-11D0-8D11-00A0C91BC942}") = "INSTALL", "INSTALL.vcxproj", "{5B59EA66-C38D-379C-A205-D0D65A178C13}"
	ProjectSection(ProjectDependencies) = postProject
		{D2BF1E5A-D026-3515-8F6A-5E3F4DF8364D} = {D2BF1E5A-D026-3515-8F6A-5E3F4DF8364D}
		{B4E88372-0354-343A-AAC5-EFD99F1959B3} = {B4E88372-0354-343A-AAC5-EFD99F1959B3}
	EndProjectSection
EndProject
Project("{8BC9CEB8-8B4A-11D0-8D11-00A0C91BC942}") = "ZERO_CHECK", "ZERO_CHECK.vcxproj", "{B4E88372-0354-343A-AAC5-EFD99F1959B3}"
	ProjectSection(ProjectDependencies) = postProject
	EndProjectSection
EndProject
Project("{8BC9CEB8-8B4A-11D0-8D11-00A0C91BC942}") = "boing", "glfw-3.3.8\examples\boing.vcxproj", "{ED3A80AD-CBC3-3B61-BBD1-202B7A271D45}"
	ProjectSection(ProjectDependencies) = postProject
		{B4E88372-0354-343A-AAC5-EFD99F1959B3} = {B4E88372-0354-343A-AAC5-EFD99F1959B3}
		{6578ECAA-3F13-3B5D-9515-334102FB1698} = {6578ECAA-3F13-3B5D-9515-334102FB1698}
	EndProjectSection
EndProject
Project("{8BC9CEB8-8B4A-11D0-8D11-00A0C91BC942}") = "clipboard", "glfw-3.3.8\tests\clipboard.vcxproj", "{303BECE8-3529-30C1-B8E1-A9690E804576}"
	ProjectSection(ProjectDependencies) = postProject
		{B4E88372-0354-343A-AAC5-EFD99F1959B3} = {B4E88372-0354-343A-AAC5-EFD99F1959B3}
		{6578ECAA-3F13-3B5D-9515-334102FB1698} = {6578ECAA-3F13-3B5D-9515-334102FB1698}
	EndProjectSection
EndProject
Project("{8BC9CEB8-8B4A-11D0-8D11-00A0C91BC942}") = "cursor", "glfw-3.3.8\tests\cursor.vcxproj", "{DC2B9BA5-3E39-310A-A2CA-10144D482B98}"
	ProjectSection(ProjectDependencies) = postProject
		{B4E88372-0354-343A-AAC5-EFD99F1959B3} = {B4E88372-0354-343A-AAC5-EFD99F1959B3}
		{6578ECAA-3F13-3B5D-9515-334102FB1698} = {6578ECAA-3F13-3B5D-9515-334102FB1698}
	EndProjectSection
EndProject
Project("{8BC9CEB8-8B4A-11D0-8D11-00A0C91BC942}") = "empty", "glfw-3.3.8\tests\empty.vcxproj", "{53B8B476-3694-3166-A507-046BDDAA04B9}"
	ProjectSection(ProjectDependencies) = postProject
		{B4E88372-0354-343A-AAC5-EFD99F1959B3} = {B4E88372-0354-343A-AAC5-EFD99F1959B3}
		{6578ECAA-3F13-3B5D-9515-334102FB1698} = {6578ECAA-3F13-3B5D-9515-334102FB1698}
	EndProjectSection
EndProject
Project("{8BC9CEB8-8B4A-11D0-8D11-00A0C91BC942}") = "events", "glfw-3.3.8\tests\events.vcxproj", "{6E2F9CCE-49FC-3CB7-8225-575C1030E53E}"
	ProjectSection(ProjectDependencies) = postProject
		{B4E88372-0354-343A-AAC5-EFD99F1959B3} = {B4E88372-0354-343A-AAC5-EFD99F1959B3}
		{6578ECAA-3F13-3B5D-9515-334102FB1698} = {6578ECAA-3F13-3B5D-9515-334102FB1698}
	EndProjectSection
EndProject
Project("{8BC9CEB8-8B4A-11D0-8D11-00A0C91BC942}") = "gamma", "glfw-3.3.8\tests\gamma.vcxproj", "{E00BFD59-DA43-303F-B943-A63B1F2E8A3C}"
	ProjectSection(ProjectDependencies) = postProject
		{B4E88372-0354-343A-AAC5-EFD99F1959B3} = {B4E88372-0354-343A-AAC5-EFD99F1959B3}
		{6578ECAA-3F13-3B5D-9515-334102FB1698} = {6578ECAA-3F13-3B5D-9515-334102FB1698}
	EndProjectSection
EndProject
Project("{8BC9CEB8-8B4A-11D0-8D11-00A0C91BC942}") = "gears", "glfw-3.3.8\examples\gears.vcxproj", "{E2EABB90-10FB-34BF-81E8-5F83CE5AA519}"
	ProjectSection(ProjectDependencies) = postProject
		{B4E88372-0354-343A-AAC5-EFD99F1959B3} = {B4E88372-0354-343A-AAC5-EFD99F1959B3}
		{6578ECAA-3F13-3B5D-9515-334102FB1698} = {6578ECAA-3F13-3B5D-9515-334102FB1698}
	EndProjectSection
EndProject
Project("{8BC9CEB8-8B4A-11D0-8D11-00A0C91BC942}") = "glad", "glad\glad.vcxproj", "{42F4B143-C573-3F65-BBF2-80AF19554C47}"
	ProjectSection(ProjectDependencies) = postProject
		{B4E88372-0354-343A-AAC5-EFD99F1959B3} = {B4E88372-0354-343A-AAC5-EFD99F1959B3}
	EndProjectSection
EndProject
Project("{8BC9CEB8-8B4A-11D0-8D11-00A0C91BC942}") = "glengine", "glengine\glengine.vcxproj", "{CE1F11A8-A9D0-3940-AEA1-CE42B8619E35}"
	ProjectSection(ProjectDependencies) = postProject
		{B4E88372-0354-343A-AAC5-EFD99F1959B3} = {B4E88372-0354-343A-AAC5-EFD99F1959B3}
	EndProjectSection
EndProject
Project("{8BC9CEB8-8B4A-11D0-8D11-00A0C91BC942}") = "glfw", "glfw-3.3.8\src\glfw.vcxproj", "{6578ECAA-3F13-3B5D-9515-334102FB1698}"
	ProjectSection(ProjectDependencies) = postProject
		{B4E88372-0354-343A-AAC5-EFD99F1959B3} = {B4E88372-0354-343A-AAC5-EFD99F1959B3}
	EndProjectSection
EndProject
Project("{8BC9CEB8-8B4A-11D0-8D11-00A0C91BC942}") = "glfwinfo", "glfw-3.3.8\tests\glfwinfo.vcxproj", "{F5F0C67E-9246-33CB-8AC9-88F8CA3D93EA}"
	ProjectSection(ProjectDependencies) = postProject
		{B4E88372-0354-343A-AAC5-EFD99F1959B3} = {B4E88372-0354-343A-AAC5-EFD99F1959B3}
		{6578ECAA-3F13-3B5D-9515-334102FB1698} = {6578ECAA-3F13-3B5D-9515-334102FB1698}
	EndProjectSection
EndProject
Project("{8BC9CEB8-8B4A-11D0-8D11-00A0C91BC942}") = "heightmap", "glfw-3.3.8\examples\heightmap.vcxproj", "{0F9595C3-6826-354E-AB58-C70D648D947E}"
	ProjectSection(ProjectDependencies) = postProject
		{B4E88372-0354-343A-AAC5-EFD99F1959B3} = {B4E88372-0354-343A-AAC5-EFD99F1959B3}
		{6578ECAA-3F13-3B5D-9515-334102FB1698} = {6578ECAA-3F13-3B5D-9515-334102FB1698}
	EndProjectSection
EndProject
Project("{8BC9CEB8-8B4A-11D0-8D11-00A0C91BC942}") = "icon", "glfw-3.3.8\tests\icon.vcxproj", "{A59D97DD-C610-3110-9752-5D23A3C0AA19}"
	ProjectSection(ProjectDependencies) = postProject
		{B4E88372-0354-343A-AAC5-EFD99F1959B3} = {B4E88372-0354-343A-AAC5-EFD99F1959B3}
		{6578ECAA-3F13-3B5D-9515-334102FB1698} = {6578ECAA-3F13-3B5D-9515-334102FB1698}
	EndProjectSection
EndProject
Project("{8BC9CEB8-8B4A-11D0-8D11-00A0C91BC942}") = "iconify", "glfw-3.3.8\tests\iconify.vcxproj", "{A1365E74-16A9-3E7A-8C2D-53E08F82A474}"
	ProjectSection(ProjectDependencies) = postProject
		{B4E88372-0354-343A-AAC5-EFD99F1959B3} = {B4E88372-0354-343A-AAC5-EFD99F1959B3}
		{6578ECAA-3F13-3B5D-9515-334102FB1698} = {6578ECAA-3F13-3B5D-9515-334102FB1698}
	EndProjectSection
EndProject
Project("{8BC9CEB8-8B4A-11D0-8D11-00A0C91BC942}") = "imgui", "imgui\imgui.vcxproj", "{B8D4BA1F-BE98-357C-AFBF-BCFDF0C2A825}"
	ProjectSection(ProjectDependencies) = postProject
		{B4E88372-0354-343A-AAC5-EFD99F1959B3} = {B4E88372-0354-343A-AAC5-EFD99F1959B3}
	EndProjectSection
EndProject
Project("{8BC9CEB8-8B4A-11D0-8D11-00A0C91BC942}") = "inputlag", "glfw-3.3.8\tests\inputlag.vcxproj", "{3BF72CAD-B757-31FC-8020-3B85EC7084FD}"
	ProjectSection(ProjectDependencies) = postProject
		{B4E88372-0354-343A-AAC5-EFD99F1959B3} = {B4E88372-0354-343A-AAC5-EFD99F1959B3}
		{6578ECAA-3F13-3B5D-9515-334102FB1698} = {6578ECAA-3F13-3B5D-9515-334102FB1698}
	EndProjectSection
EndProject
Project("{8BC9CEB8-8B4A-11D0-8D11-00A0C91BC942}") = "joysticks", "glfw-3.3.8\tests\joysticks.vcxproj", "{6D079D44-FADE-39EA-A724-AB7714BFEFFE}"
	ProjectSection(ProjectDependencies) = postProject
		{B4E88372-0354-343A-AAC5-EFD99F1959B3} = {B4E88372-0354-343A-AAC5-EFD99F1959B3}
		{6578ECAA-3F13-3B5D-9515-334102FB1698} = {6578ECAA-3F13-3B5D-9515-334102FB1698}
	EndProjectSection
EndProject
Project("{8BC9CEB8-8B4A-11D0-8D11-00A0C91BC942}") = "monitors", "glfw-3.3.8\tests\monitors.vcxproj", "{2934590B-EFFF-39D3-97FC-1C5218ADE877}"
	ProjectSection(ProjectDependencies) = postProject
		{B4E88372-0354-343A-AAC5-EFD99F1959B3} = {B4E88372-0354-343A-AAC5-EFD99F1959B3}
		{6578ECAA-3F13-3B5D-9515-334102FB1698} = {6578ECAA-3F13-3B5D-9515-334102FB1698}
	EndProjectSection
EndProject
Project("{8BC9CEB8-8B4A-11D0-8D11-00A0C91BC942}") = "msaa", "glfw-3.3.8\tests\msaa.vcxproj", "{89C73003-4850-319E-AC6C-C5479AE157B2}"
	ProjectSection(ProjectDependencies) = postProject
		{B4E88372-0354-343A-AAC5-EFD99F1959B3} = {B4E88372-0354-343A-AAC5-EFD99F1959B3}
		{6578ECAA-3F13-3B5D-9515-334102FB1698} = {6578ECAA-3F13-3B5D-9515-334102FB1698}
	EndProjectSection
EndProject
Project("{8BC9CEB8-8B4A-11D0-8D11-00A0C91BC942}") = "offscreen", "glfw-3.3.8\examples\offscreen.vcxproj", "{BED5D208-85E0-30B8-97CE-802AA05D9ED8}"
	ProjectSection(ProjectDependencies) = postProject
		{B4E88372-0354-343A-AAC5-EFD99F1959B3} = {B4E88372-0354-343A-AAC5-EFD99F1959B3}
		{6578ECAA-3F13-3B5D-9515-334102FB1698} = {6578ECAA-3F13-3B5D-9515-334102FB1698}
	EndProjectSection
EndProject
Project("{8BC9CEB8-8B4A-11D0-8D11-00A0C91BC942}") = "opacity", "glfw-3.3.8\tests\opacity.vcxproj", "{BA2891C4-32A6-3E18-88A5-4BC5857C9857}"
	ProjectSection(ProjectDependencies) = postProject
		{B4E88372-0354-343A-AAC5-EFD99F1959B3} = {B4E88372-0354-343A-AAC5-EFD99F1959B3}
		{6578ECAA-3F13-3B5D-9515-334102FB1698} = {6578ECAA-3F13-3B5D-9515-334102FB1698}
	EndProjectSection
EndProject
Project("{8BC9CEB8-8B4A-11D0-8D11-00A0C91BC942}") = "particles", "glfw-3.3.8\examples\particles.vcxproj", "{753F219E-69DA-3E6E-9418-180E6C9A182C}"
	ProjectSection(ProjectDependencies) = postProject
		{B4E88372-0354-343A-AAC5-EFD99F1959B3} = {B4E88372-0354-343A-AAC5-EFD99F1959B3}
		{6578ECAA-3F13-3B5D-9515-334102FB1698} = {6578ECAA-3F13-3B5D-9515-334102FB1698}
	EndProjectSection
EndProject
Project("{8BC9CEB8-8B4A-11D0-8D11-00A0C91BC942}") = "reopen", "glfw-3.3.8\tests\reopen.vcxproj", "{04F03426-8AC8-31E2-B705-A9A7CE243390}"
	ProjectSection(ProjectDependencies) = postProject
		{B4E88372-0354-343A-AAC5-EFD99F1959B3} = {B4E88372-0354-343A-AAC5-EFD99F1959B3}
		{6578ECAA-3F13-3B5D-9515-334102FB1698} = {6578ECAA-3F13-3B5D-9515-334102FB1698}
	EndProjectSection
EndProject
Project("{8BC9CEB8-8B4A-11D0-8D11-00A0C91BC942}") = "sharing", "glfw-3.3.8\examples\sharing.vcxproj", "{2034FA20-69B4-3015-A762-5A425E92B146}"
	ProjectSection(ProjectDependencies) = postProject
		{B4E88372-0354-343A-AAC5-EFD99F1959B3} = {B4E88372-0354-343A-AAC5-EFD99F1959B3}
		{6578ECAA-3F13-3B5D-9515-334102FB1698} = {6578ECAA-3F13-3B5D-9515-334102FB1698}
	EndProjectSection
EndProject
Project("{8BC9CEB8-8B4A-11D0-8D11-00A0C91BC942}") = "simple", "glfw-3.3.8\examples\simple.vcxproj", "{638663D5-A37F-3792-86DE-02467FD7A5CF}"
	ProjectSection(ProjectDependencies) = postProject
		{B4E88372-0354-343A-AAC5-EFD99F1959B3} = {B4E88372-0354-343A-AAC5-EFD99F1959B3}
		{6578ECAA-3F13-3B5D-9515-334102FB1698} = {6578ECAA-3F13-3B5D-9515-334102FB1698}
	EndProjectSection
EndProject
Project("{8BC9CEB8-8B4A-11D0-8D11-00A0C91BC942}") = "splitview", "glfw-3.3.8\examples\splitview.vcxproj", "{E7DE77B4-2842-38C7-9A16-14C245033E9F}"
	ProjectSection(ProjectDependencies) = postProject
		{B4E88372-0354-343A-AAC5-EFD99F1959B3} = {B4E88372-0354-343A-AAC5-EFD99F1959B3}
		{6578ECAA-3F13-3B5D-9515-334102FB1698} = {6578ECAA-3F13-3B5D-9515-334102FB1698}
	EndProjectSection
EndProject
Project("{8BC9CEB8-8B4A-11D0-8D11-00A0C91BC942}") = "stbimage", "stbimage\stbimage.vcxproj", "{8C5DE147-B28C-302A-A3C8-1D13AEE4B51E}"
	ProjectSection(ProjectDependencies) = postProject
		{B4E88372-0354-343A-AAC5-EFD99F1959B3} = {B4E88372-0354-343A-AAC5-EFD99F1959B3}
	EndProjectSection
EndProject
Project("{8BC9CEB8-8B4A-11D0-8D11-00A0C91BC942}") = "tearing", "glfw-3.3.8\tests\tearing.vcxproj", "{A88D42CF-B7E6-3F88-8ACA-C72B8207C63D}"
	ProjectSection(ProjectDependencies) = postProject
		{B4E88372-0354-343A-AAC5-EFD99F1959B3} = {B4E88372-0354-343A-AAC5-EFD99F1959B3}
		{6578ECAA-3F13-3B5D-9515-334102FB1698} = {6578ECAA-3F13-3B5D-9515-334102FB1698}
	EndProjectSection
EndProject
Project("{8BC9CEB8-8B4A-11D0-8D11-00A0C91BC942}") = "threads", "glfw-3.3.8\tests\threads.vcxproj", "{54F2AD72-823F-3BDD-A330-F4353BE9216C}"
	ProjectSection(ProjectDependencies) = postProject
		{B4E88372-0354-343A-AAC5-EFD99F1959B3} = {B4E88372-0354-343A-AAC5-EFD99F1959B3}
		{6578ECAA-3F13-3B5D-9515-334102FB1698} = {6578ECAA-3F13-3B5D-9515-334102FB1698}
	EndProjectSection
EndProject
Project("{8BC9CEB8-8B4A-11D0-8D11-00A0C91BC942}") = "timeout", "glfw-3.3.8\tests\timeout.vcxproj", "{C498DD9C-D892-373F-9E11-2711EB490EF2}"
	ProjectSection(ProjectDependencies) = postProject
		{B4E88372-0354-343A-AAC5-EFD99F1959B3} = {B4E88372-0354-343A-AAC5-EFD99F1959B3}
		{6578ECAA-3F13-3B5D-9515-334102FB1698} = {6578ECAA-3F13-3B5D-9515-334102FB1698}
	EndProjectSection
EndProject
Project("{8BC9CEB8-8B4A-11D0-8D11-00A0C91BC942}") = "title", "glfw-3.3.8\tests\title.vcxproj", "{77F962E7-17E4-3632-990E-952C257F50A7}"
	ProjectSection(ProjectDependencies) = postProject
		{B4E88372-0354-343A-AAC5-EFD99F1959B3} = {B4E88372-0354-343A-AAC5-EFD99F1959B3}
		{6578ECAA-3F13-3B5D-9515-334102FB1698} = {6578ECAA-3F13-3B5D-9515-334102FB1698}
	EndProjectSection
EndProject
Project("{8BC9CEB8-8B4A-11D0-8D11-00A0C91BC942}") = "tp01", "exosTP\tp01\tp01.vcxproj", "{BAE83BEB-652F-3E64-A70C-84B1C9949DEB}"
	ProjectSection(ProjectDependencies) = postProject
		{B4E88372-0354-343A-AAC5-EFD99F1959B3} = {B4E88372-0354-343A-AAC5-EFD99F1959B3}
		{42F4B143-C573-3F65-BBF2-80AF19554C47} = {42F4B143-C573-3F65-BBF2-80AF19554C47}
		{CE1F11A8-A9D0-3940-AEA1-CE42B8619E35} = {CE1F11A8-A9D0-3940-AEA1-CE42B8619E35}
		{6578ECAA-3F13-3B5D-9515-334102FB1698} = {6578ECAA-3F13-3B5D-9515-334102FB1698}
		{B8D4BA1F-BE98-357C-AFBF-BCFDF0C2A825} = {B8D4BA1F-BE98-357C-AFBF-BCFDF0C2A825}
		{8C5DE147-B28C-302A-A3C8-1D13AEE4B51E} = {8C5DE147-B28C-302A-A3C8-1D13AEE4B51E}
	EndProjectSection
EndProject
Project("{8BC9CEB8-8B4A-11D0-8D11-00A0C91BC942}") = "triangle-vulkan", "glfw-3.3.8\tests\triangle-vulkan.vcxproj", "{A2FE13A6-DDF2-3CA5-828F-C42A6F432088}"
	ProjectSection(ProjectDependencies) = postProject
		{B4E88372-0354-343A-AAC5-EFD99F1959B3} = {B4E88372-0354-343A-AAC5-EFD99F1959B3}
		{6578ECAA-3F13-3B5D-9515-334102FB1698} = {6578ECAA-3F13-3B5D-9515-334102FB1698}
	EndProjectSection
EndProject
Project("{8BC9CEB8-8B4A-11D0-8D11-00A0C91BC942}") = "uninstall", "glfw-3.3.8\uninstall.vcxproj", "{5A00DECA-D5FE-3B3D-B778-64A8933D9427}"
	ProjectSection(ProjectDependencies) = postProject
		{B4E88372-0354-343A-AAC5-EFD99F1959B3} = {B4E88372-0354-343A-AAC5-EFD99F1959B3}
	EndProjectSection
EndProject
Project("{8BC9CEB8-8B4A-11D0-8D11-00A0C91BC942}") = "update_mappings", "glfw-3.3.8\src\update_mappings.vcxproj", "{E175895B-899E-33E6-BF67-F797EF8F67C6}"
	ProjectSection(ProjectDependencies) = postProject
		{B4E88372-0354-343A-AAC5-EFD99F1959B3} = {B4E88372-0354-343A-AAC5-EFD99F1959B3}
	EndProjectSection
EndProject
Project("{8BC9CEB8-8B4A-11D0-8D11-00A0C91BC942}") = "wave", "glfw-3.3.8\examples\wave.vcxproj", "{EAD3AFBC-3DD4-3745-BEFB-50BB0C69910B}"
	ProjectSection(ProjectDependencies) = postProject
		{B4E88372-0354-343A-AAC5-EFD99F1959B3} = {B4E88372-0354-343A-AAC5-EFD99F1959B3}
		{6578ECAA-3F13-3B5D-9515-334102FB1698} = {6578ECAA-3F13-3B5D-9515-334102FB1698}
	EndProjectSection
EndProject
Project("{8BC9CEB8-8B4A-11D0-8D11-00A0C91BC942}") = "windows", "glfw-3.3.8\tests\windows.vcxproj", "{D88A149F-7DDB-3A01-8211-8F369DA4EA80}"
	ProjectSection(ProjectDependencies) = postProject
		{B4E88372-0354-343A-AAC5-EFD99F1959B3} = {B4E88372-0354-343A-AAC5-EFD99F1959B3}
		{6578ECAA-3F13-3B5D-9515-334102FB1698} = {6578ECAA-3F13-3B5D-9515-334102FB1698}
	EndProjectSection
EndProject
Global
	GlobalSection(SolutionConfigurationPlatforms) = preSolution
		Debug|x64 = Debug|x64
		Release|x64 = Release|x64
		MinSizeRel|x64 = MinSizeRel|x64
		RelWithDebInfo|x64 = RelWithDebInfo|x64
	EndGlobalSection
	GlobalSection(ProjectConfigurationPlatforms) = postSolution
		{D2BF1E5A-D026-3515-8F6A-5E3F4DF8364D}.Debug|x64.ActiveCfg = Debug|x64
		{D2BF1E5A-D026-3515-8F6A-5E3F4DF8364D}.Debug|x64.Build.0 = Debug|x64
		{D2BF1E5A-D026-3515-8F6A-5E3F4DF8364D}.Release|x64.ActiveCfg = Release|x64
		{D2BF1E5A-D026-3515-8F6A-5E3F4DF8364D}.Release|x64.Build.0 = Release|x64
		{D2BF1E5A-D026-3515-8F6A-5E3F4DF8364D}.MinSizeRel|x64.ActiveCfg = MinSizeRel|x64
		{D2BF1E5A-D026-3515-8F6A-5E3F4DF8364D}.MinSizeRel|x64.Build.0 = MinSizeRel|x64
		{D2BF1E5A-D026-3515-8F6A-5E3F4DF8364D}.RelWithDebInfo|x64.ActiveCfg = RelWithDebInfo|x64
		{D2BF1E5A-D026-3515-8F6A-5E3F4DF8364D}.RelWithDebInfo|x64.Build.0 = RelWithDebInfo|x64
		{5B59EA66-C38D-379C-A205-D0D65A178C13}.Debug|x64.ActiveCfg = Debug|x64
		{5B59EA66-C38D-379C-A205-D0D65A178C13}.Release|x64.ActiveCfg = Release|x64
		{5B59EA66-C38D-379C-A205-D0D65A178C13}.MinSizeRel|x64.ActiveCfg = MinSizeRel|x64
		{5B59EA66-C38D-379C-A205-D0D65A178C13}.RelWithDebInfo|x64.ActiveCfg = RelWithDebInfo|x64
		{B4E88372-0354-343A-AAC5-EFD99F1959B3}.Debug|x64.ActiveCfg = Debug|x64
		{B4E88372-0354-343A-AAC5-EFD99F1959B3}.Debug|x64.Build.0 = Debug|x64
		{B4E88372-0354-343A-AAC5-EFD99F1959B3}.Release|x64.ActiveCfg = Release|x64
		{B4E88372-0354-343A-AAC5-EFD99F1959B3}.Release|x64.Build.0 = Release|x64
		{B4E88372-0354-343A-AAC5-EFD99F1959B3}.MinSizeRel|x64.ActiveCfg = MinSizeRel|x64
		{B4E88372-0354-343A-AAC5-EFD99F1959B3}.MinSizeRel|x64.Build.0 = MinSizeRel|x64
		{B4E88372-0354-343A-AAC5-EFD99F1959B3}.RelWithDebInfo|x64.ActiveCfg = RelWithDebInfo|x64
		{B4E88372-0354-343A-AAC5-EFD99F1959B3}.RelWithDebInfo|x64.Build.0 = RelWithDebInfo|x64
		{ED3A80AD-CBC3-3B61-BBD1-202B7A271D45}.Debug|x64.ActiveCfg = Debug|x64
		{ED3A80AD-CBC3-3B61-BBD1-202B7A271D45}.Debug|x64.Build.0 = Debug|x64
		{ED3A80AD-CBC3-3B61-BBD1-202B7A271D45}.Release|x64.ActiveCfg = Release|x64
		{ED3A80AD-CBC3-3B61-BBD1-202B7A271D45}.Release|x64.Build.0 = Release|x64
		{ED3A80AD-CBC3-3B61-BBD1-202B7A271D45}.MinSizeRel|x64.ActiveCfg = MinSizeRel|x64
		{ED3A80AD-CBC3-3B61-BBD1-202B7A271D45}.MinSizeRel|x64.Build.0 = MinSizeRel|x64
		{ED3A80AD-CBC3-3B61-BBD1-202B7A271D45}.RelWithDebInfo|x64.ActiveCfg = RelWithDebInfo|x64
		{ED3A80AD-CBC3-3B61-BBD1-202B7A271D45}.RelWithDebInfo|x64.Build.0 = RelWithDebInfo|x64
		{303BECE8-3529-30C1-B8E1-A9690E804576}.Debug|x64.ActiveCfg = Debug|x64
		{303BECE8-3529-30C1-B8E1-A9690E804576}.Debug|x64.Build.0 = Debug|x64
		{303BECE8-3529-30C1-B8E1-A9690E804576}.Release|x64.ActiveCfg = Release|x64
		{303BECE8-3529-30C1-B8E1-A9690E804576}.Release|x64.Build.0 = Release|x64
		{303BECE8-3529-30C1-B8E1-A9690E804576}.MinSizeRel|x64.ActiveCfg = MinSizeRel|x64
		{303BECE8-3529-30C1-B8E1-A9690E804576}.MinSizeRel|x64.Build.0 = MinSizeRel|x64
		{303BECE8-3529-30C1-B8E1-A9690E804576}.RelWithDebInfo|x64.ActiveCfg = RelWithDebInfo|x64
		{303BECE8-3529-30C1-B8E1-A9690E804576}.RelWithDebInfo|x64.Build.0 = RelWithDebInfo|x64
		{DC2B9BA5-3E39-310A-A2CA-10144D482B98}.Debug|x64.ActiveCfg = Debug|x64
		{DC2B9BA5-3E39-310A-A2CA-10144D482B98}.Debug|x64.Build.0 = Debug|x64
		{DC2B9BA5-3E39-310A-A2CA-10144D482B98}.Release|x64.ActiveCfg = Release|x64
		{DC2B9BA5-3E39-310A-A2CA-10144D482B98}.Release|x64.Build.0 = Release|x64
		{DC2B9BA5-3E39-310A-A2CA-10144D482B98}.MinSizeRel|x64.ActiveCfg = MinSizeRel|x64
		{DC2B9BA5-3E39-310A-A2CA-10144D482B98}.MinSizeRel|x64.Build.0 = MinSizeRel|x64
		{DC2B9BA5-3E39-310A-A2CA-10144D482B98}.RelWithDebInfo|x64.ActiveCfg = RelWithDebInfo|x64
		{DC2B9BA5-3E39-310A-A2CA-10144D482B98}.RelWithDebInfo|x64.Build.0 = RelWithDebInfo|x64
		{53B8B476-3694-3166-A507-046BDDAA04B9}.Debug|x64.ActiveCfg = Debug|x64
		{53B8B476-3694-3166-A507-046BDDAA04B9}.Debug|x64.Build.0 = Debug|x64
		{53B8B476-3694-3166-A507-046BDDAA04B9}.Release|x64.ActiveCfg = Release|x64
		{53B8B476-3694-3166-A507-046BDDAA04B9}.Release|x64.Build.0 = Release|x64
		{53B8B476-3694-3166-A507-046BDDAA04B9}.MinSizeRel|x64.ActiveCfg = MinSizeRel|x64
		{53B8B476-3694-3166-A507-046BDDAA04B9}.MinSizeRel|x64.Build.0 = MinSizeRel|x64
		{53B8B476-3694-3166-A507-046BDDAA04B9}.RelWithDebInfo|x64.ActiveCfg = RelWithDebInfo|x64
		{53B8B476-3694-3166-A507-046BDDAA04B9}.RelWithDebInfo|x64.Build.0 = RelWithDebInfo|x64
		{6E2F9CCE-49FC-3CB7-8225-575C1030E53E}.Debug|x64.ActiveCfg = Debug|x64
		{6E2F9CCE-49FC-3CB7-8225-575C1030E53E}.Debug|x64.Build.0 = Debug|x64
		{6E2F9CCE-49FC-3CB7-8225-575C1030E53E}.Release|x64.ActiveCfg = Release|x64
		{6E2F9CCE-49FC-3CB7-8225-575C1030E53E}.Release|x64.Build.0 = Release|x64
		{6E2F9CCE-49FC-3CB7-8225-575C1030E53E}.MinSizeRel|x64.ActiveCfg = MinSizeRel|x64
		{6E2F9CCE-49FC-3CB7-8225-575C1030E53E}.MinSizeRel|x64.Build.0 = MinSizeRel|x64
		{6E2F9CCE-49FC-3CB7-8225-575C1030E53E}.RelWithDebInfo|x64.ActiveCfg = RelWithDebInfo|x64
		{6E2F9CCE-49FC-3CB7-8225-575C1030E53E}.RelWithDebInfo|x64.Build.0 = RelWithDebInfo|x64
		{E00BFD59-DA43-303F-B943-A63B1F2E8A3C}.Debug|x64.ActiveCfg = Debug|x64
		{E00BFD59-DA43-303F-B943-A63B1F2E8A3C}.Debug|x64.Build.0 = Debug|x64
		{E00BFD59-DA43-303F-B943-A63B1F2E8A3C}.Release|x64.ActiveCfg = Release|x64
		{E00BFD59-DA43-303F-B943-A63B1F2E8A3C}.Release|x64.Build.0 = Release|x64
		{E00BFD59-DA43-303F-B943-A63B1F2E8A3C}.MinSizeRel|x64.ActiveCfg = MinSizeRel|x64
		{E00BFD59-DA43-303F-B943-A63B1F2E8A3C}.MinSizeRel|x64.Build.0 = MinSizeRel|x64
		{E00BFD59-DA43-303F-B943-A63B1F2E8A3C}.RelWithDebInfo|x64.ActiveCfg = RelWithDebInfo|x64
		{E00BFD59-DA43-303F-B943-A63B1F2E8A3C}.RelWithDebInfo|x64.Build.0 = RelWithDebInfo|x64
		{E2EABB90-10FB-34BF-81E8-5F83CE5AA519}.Debug|x64.ActiveCfg = Debug|x64
		{E2EABB90-10FB-34BF-81E8-5F83CE5AA519}.Debug|x64.Build.0 = Debug|x64
		{E2EABB90-10FB-34BF-81E8-5F83CE5AA519}.Release|x64.ActiveCfg = Release|x64
		{E2EABB90-10FB-34BF-81E8-5F83CE5AA519}.Release|x64.Build.0 = Release|x64
		{E2EABB90-10FB-34BF-81E8-5F83CE5AA519}.MinSizeRel|x64.ActiveCfg = MinSizeRel|x64
		{E2EABB90-10FB-34BF-81E8-5F83CE5AA519}.MinSizeRel|x64.Build.0 = MinSizeRel|x64
		{E2EABB90-10FB-34BF-81E8-5F83CE5AA519}.RelWithDebInfo|x64.ActiveCfg = RelWithDebInfo|x64
		{E2EABB90-10FB-34BF-81E8-5F83CE5AA519}.RelWithDebInfo|x64.Build.0 = RelWithDebInfo|x64
		{42F4B143-C573-3F65-BBF2-80AF19554C47}.Debug|x64.ActiveCfg = Debug|x64
		{42F4B143-C573-3F65-BBF2-80AF19554C47}.Debug|x64.Build.0 = Debug|x64
		{42F4B143-C573-3F65-BBF2-80AF19554C47}.Release|x64.ActiveCfg = Release|x64
		{42F4B143-C573-3F65-BBF2-80AF19554C47}.Release|x64.Build.0 = Release|x64
		{42F4B143-C573-3F65-BBF2-80AF19554C47}.MinSizeRel|x64.ActiveCfg = MinSizeRel|x64
		{42F4B143-C573-3F65-BBF2-80AF19554C47}.MinSizeRel|x64.Build.0 = MinSizeRel|x64
		{42F4B143-C573-3F65-BBF2-80AF19554C47}.RelWithDebInfo|x64.ActiveCfg = RelWithDebInfo|x64
		{42F4B143-C573-3F65-BBF2-80AF19554C47}.RelWithDebInfo|x64.Build.0 = RelWithDebInfo|x64
		{CE1F11A8-A9D0-3940-AEA1-CE42B8619E35}.Debug|x64.ActiveCfg = Debug|x64
		{CE1F11A8-A9D0-3940-AEA1-CE42B8619E35}.Debug|x64.Build.0 = Debug|x64
		{CE1F11A8-A9D0-3940-AEA1-CE42B8619E35}.Release|x64.ActiveCfg = Release|x64
		{CE1F11A8-A9D0-3940-AEA1-CE42B8619E35}.Release|x64.Build.0 = Release|x64
		{CE1F11A8-A9D0-3940-AEA1-CE42B8619E35}.MinSizeRel|x64.ActiveCfg = MinSizeRel|x64
		{CE1F11A8-A9D0-3940-AEA1-CE42B8619E35}.MinSizeRel|x64.Build.0 = MinSizeRel|x64
		{CE1F11A8-A9D0-3940-AEA1-CE42B8619E35}.RelWithDebInfo|x64.ActiveCfg = RelWithDebInfo|x64
		{CE1F11A8-A9D0-3940-AEA1-CE42B8619E35}.RelWithDebInfo|x64.Build.0 = RelWithDebInfo|x64
		{6578ECAA-3F13-3B5D-9515-334102FB1698}.Debug|x64.ActiveCfg = Debug|x64
		{6578ECAA-3F13-3B5D-9515-334102FB1698}.Debug|x64.Build.0 = Debug|x64
		{6578ECAA-3F13-3B5D-9515-334102FB1698}.Release|x64.ActiveCfg = Release|x64
		{6578ECAA-3F13-3B5D-9515-334102FB1698}.Release|x64.Build.0 = Release|x64
		{6578ECAA-3F13-3B5D-9515-334102FB1698}.MinSizeRel|x64.ActiveCfg = MinSizeRel|x64
		{6578ECAA-3F13-3B5D-9515-334102FB1698}.MinSizeRel|x64.Build.0 = MinSizeRel|x64
		{6578ECAA-3F13-3B5D-9515-334102FB1698}.RelWithDebInfo|x64.ActiveCfg = RelWithDebInfo|x64
		{6578ECAA-3F13-3B5D-9515-334102FB1698}.RelWithDebInfo|x64.Build.0 = RelWithDebInfo|x64
		{F5F0C67E-9246-33CB-8AC9-88F8CA3D93EA}.Debug|x64.ActiveCfg = Debug|x64
		{F5F0C67E-9246-33CB-8AC9-88F8CA3D93EA}.Debug|x64.Build.0 = Debug|x64
		{F5F0C67E-9246-33CB-8AC9-88F8CA3D93EA}.Release|x64.ActiveCfg = Release|x64
		{F5F0C67E-9246-33CB-8AC9-88F8CA3D93EA}.Release|x64.Build.0 = Release|x64
		{F5F0C67E-9246-33CB-8AC9-88F8CA3D93EA}.MinSizeRel|x64.ActiveCfg = MinSizeRel|x64
		{F5F0C67E-9246-33CB-8AC9-88F8CA3D93EA}.MinSizeRel|x64.Build.0 = MinSizeRel|x64
		{F5F0C67E-9246-33CB-8AC9-88F8CA3D93EA}.RelWithDebInfo|x64.ActiveCfg = RelWithDebInfo|x64
		{F5F0C67E-9246-33CB-8AC9-88F8CA3D93EA}.RelWithDebInfo|x64.Build.0 = RelWithDebInfo|x64
		{0F9595C3-6826-354E-AB58-C70D648D947E}.Debug|x64.ActiveCfg = Debug|x64
		{0F9595C3-6826-354E-AB58-C70D648D947E}.Debug|x64.Build.0 = Debug|x64
		{0F9595C3-6826-354E-AB58-C70D648D947E}.Release|x64.ActiveCfg = Release|x64
		{0F9595C3-6826-354E-AB58-C70D648D947E}.Release|x64.Build.0 = Release|x64
		{0F9595C3-6826-354E-AB58-C70D648D947E}.MinSizeRel|x64.ActiveCfg = MinSizeRel|x64
		{0F9595C3-6826-354E-AB58-C70D648D947E}.MinSizeRel|x64.Build.0 = MinSizeRel|x64
		{0F9595C3-6826-354E-AB58-C70D648D947E}.RelWithDebInfo|x64.ActiveCfg = RelWithDebInfo|x64
		{0F9595C3-6826-354E-AB58-C70D648D947E}.RelWithDebInfo|x64.Build.0 = RelWithDebInfo|x64
		{A59D97DD-C610-3110-9752-5D23A3C0AA19}.Debug|x64.ActiveCfg = Debug|x64
		{A59D97DD-C610-3110-9752-5D23A3C0AA19}.Debug|x64.Build.0 = Debug|x64
		{A59D97DD-C610-3110-9752-5D23A3C0AA19}.Release|x64.ActiveCfg = Release|x64
		{A59D97DD-C610-3110-9752-5D23A3C0AA19}.Release|x64.Build.0 = Release|x64
		{A59D97DD-C610-3110-9752-5D23A3C0AA19}.MinSizeRel|x64.ActiveCfg = MinSizeRel|x64
		{A59D97DD-C610-3110-9752-5D23A3C0AA19}.MinSizeRel|x64.Build.0 = MinSizeRel|x64
		{A59D97DD-C610-3110-9752-5D23A3C0AA19}.RelWithDebInfo|x64.ActiveCfg = RelWithDebInfo|x64
		{A59D97DD-C610-3110-9752-5D23A3C0AA19}.RelWithDebInfo|x64.Build.0 = RelWithDebInfo|x64
		{A1365E74-16A9-3E7A-8C2D-53E08F82A474}.Debug|x64.ActiveCfg = Debug|x64
		{A1365E74-16A9-3E7A-8C2D-53E08F82A474}.Debug|x64.Build.0 = Debug|x64
		{A1365E74-16A9-3E7A-8C2D-53E08F82A474}.Release|x64.ActiveCfg = Release|x64
		{A1365E74-16A9-3E7A-8C2D-53E08F82A474}.Release|x64.Build.0 = Release|x64
		{A1365E74-16A9-3E7A-8C2D-53E08F82A474}.MinSizeRel|x64.ActiveCfg = MinSizeRel|x64
		{A1365E74-16A9-3E7A-8C2D-53E08F82A474}.MinSizeRel|x64.Build.0 = MinSizeRel|x64
		{A1365E74-16A9-3E7A-8C2D-53E08F82A474}.RelWithDebInfo|x64.ActiveCfg = RelWithDebInfo|x64
		{A1365E74-16A9-3E7A-8C2D-53E08F82A474}.RelWithDebInfo|x64.Build.0 = RelWithDebInfo|x64
		{B8D4BA1F-BE98-357C-AFBF-BCFDF0C2A825}.Debug|x64.ActiveCfg = Debug|x64
		{B8D4BA1F-BE98-357C-AFBF-BCFDF0C2A825}.Debug|x64.Build.0 = Debug|x64
		{B8D4BA1F-BE98-357C-AFBF-BCFDF0C2A825}.Release|x64.ActiveCfg = Release|x64
		{B8D4BA1F-BE98-357C-AFBF-BCFDF0C2A825}.Release|x64.Build.0 = Release|x64
		{B8D4BA1F-BE98-357C-AFBF-BCFDF0C2A825}.MinSizeRel|x64.ActiveCfg = MinSizeRel|x64
		{B8D4BA1F-BE98-357C-AFBF-BCFDF0C2A825}.MinSizeRel|x64.Build.0 = MinSizeRel|x64
		{B8D4BA1F-BE98-357C-AFBF-BCFDF0C2A825}.RelWithDebInfo|x64.ActiveCfg = RelWithDebInfo|x64
		{B8D4BA1F-BE98-357C-AFBF-BCFDF0C2A825}.RelWithDebInfo|x64.Build.0 = RelWithDebInfo|x64
		{3BF72CAD-B757-31FC-8020-3B85EC7084FD}.Debug|x64.ActiveCfg = Debug|x64
		{3BF72CAD-B757-31FC-8020-3B85EC7084FD}.Debug|x64.Build.0 = Debug|x64
		{3BF72CAD-B757-31FC-8020-3B85EC7084FD}.Release|x64.ActiveCfg = Release|x64
		{3BF72CAD-B757-31FC-8020-3B85EC7084FD}.Release|x64.Build.0 = Release|x64
		{3BF72CAD-B757-31FC-8020-3B85EC7084FD}.MinSizeRel|x64.ActiveCfg = MinSizeRel|x64
		{3BF72CAD-B757-31FC-8020-3B85EC7084FD}.MinSizeRel|x64.Build.0 = MinSizeRel|x64
		{3BF72CAD-B757-31FC-8020-3B85EC7084FD}.RelWithDebInfo|x64.ActiveCfg = RelWithDebInfo|x64
		{3BF72CAD-B757-31FC-8020-3B85EC7084FD}.RelWithDebInfo|x64.Build.0 = RelWithDebInfo|x64
		{6D079D44-FADE-39EA-A724-AB7714BFEFFE}.Debug|x64.ActiveCfg = Debug|x64
		{6D079D44-FADE-39EA-A724-AB7714BFEFFE}.Debug|x64.Build.0 = Debug|x64
		{6D079D44-FADE-39EA-A724-AB7714BFEFFE}.Release|x64.ActiveCfg = Release|x64
		{6D079D44-FADE-39EA-A724-AB7714BFEFFE}.Release|x64.Build.0 = Release|x64
		{6D079D44-FADE-39EA-A724-AB7714BFEFFE}.MinSizeRel|x64.ActiveCfg = MinSizeRel|x64
		{6D079D44-FADE-39EA-A724-AB7714BFEFFE}.MinSizeRel|x64.Build.0 = MinSizeRel|x64
		{6D079D44-FADE-39EA-A724-AB7714BFEFFE}.RelWithDebInfo|x64.ActiveCfg = RelWithDebInfo|x64
		{6D079D44-FADE-39EA-A724-AB7714BFEFFE}.RelWithDebInfo|x64.Build.0 = RelWithDebInfo|x64
		{2934590B-EFFF-39D3-97FC-1C5218ADE877}.Debug|x64.ActiveCfg = Debug|x64
		{2934590B-EFFF-39D3-97FC-1C5218ADE877}.Debug|x64.Build.0 = Debug|x64
		{2934590B-EFFF-39D3-97FC-1C5218ADE877}.Release|x64.ActiveCfg = Release|x64
		{2934590B-EFFF-39D3-97FC-1C5218ADE877}.Release|x64.Build.0 = Release|x64
		{2934590B-EFFF-39D3-97FC-1C5218ADE877}.MinSizeRel|x64.ActiveCfg = MinSizeRel|x64
		{2934590B-EFFF-39D3-97FC-1C5218ADE877}.MinSizeRel|x64.Build.0 = MinSizeRel|x64
		{2934590B-EFFF-39D3-97FC-1C5218ADE877}.RelWithDebInfo|x64.ActiveCfg = RelWithDebInfo|x64
		{2934590B-EFFF-39D3-97FC-1C5218ADE877}.RelWithDebInfo|x64.Build.0 = RelWithDebInfo|x64
		{89C73003-4850-319E-AC6C-C5479AE157B2}.Debug|x64.ActiveCfg = Debug|x64
		{89C73003-4850-319E-AC6C-C5479AE157B2}.Debug|x64.Build.0 = Debug|x64
		{89C73003-4850-319E-AC6C-C5479AE157B2}.Release|x64.ActiveCfg = Release|x64
		{89C73003-4850-319E-AC6C-C5479AE157B2}.Release|x64.Build.0 = Release|x64
		{89C73003-4850-319E-AC6C-C5479AE157B2}.MinSizeRel|x64.ActiveCfg = MinSizeRel|x64
		{89C73003-4850-319E-AC6C-C5479AE157B2}.MinSizeRel|x64.Build.0 = MinSizeRel|x64
		{89C73003-4850-319E-AC6C-C5479AE157B2}.RelWithDebInfo|x64.ActiveCfg = RelWithDebInfo|x64
		{89C73003-4850-319E-AC6C-C5479AE157B2}.RelWithDebInfo|x64.Build.0 = RelWithDebInfo|x64
		{BED5D208-85E0-30B8-97CE-802AA05D9ED8}.Debug|x64.ActiveCfg = Debug|x64
		{BED5D208-85E0-30B8-97CE-802AA05D9ED8}.Debug|x64.Build.0 = Debug|x64
		{BED5D208-85E0-30B8-97CE-802AA05D9ED8}.Release|x64.ActiveCfg = Release|x64
		{BED5D208-85E0-30B8-97CE-802AA05D9ED8}.Release|x64.Build.0 = Release|x64
		{BED5D208-85E0-30B8-97CE-802AA05D9ED8}.MinSizeRel|x64.ActiveCfg = MinSizeRel|x64
		{BED5D208-85E0-30B8-97CE-802AA05D9ED8}.MinSizeRel|x64.Build.0 = MinSizeRel|x64
		{BED5D208-85E0-30B8-97CE-802AA05D9ED8}.RelWithDebInfo|x64.ActiveCfg = RelWithDebInfo|x64
		{BED5D208-85E0-30B8-97CE-802AA05D9ED8}.RelWithDebInfo|x64.Build.0 = RelWithDebInfo|x64
		{BA2891C4-32A6-3E18-88A5-4BC5857C9857}.Debug|x64.ActiveCfg = Debug|x64
		{BA2891C4-32A6-3E18-88A5-4BC5857C9857}.Debug|x64.Build.0 = Debug|x64
		{BA2891C4-32A6-3E18-88A5-4BC5857C9857}.Release|x64.ActiveCfg = Release|x64
		{BA2891C4-32A6-3E18-88A5-4BC5857C9857}.Release|x64.Build.0 = Release|x64
		{BA2891C4-32A6-3E18-88A5-4BC5857C9857}.MinSizeRel|x64.ActiveCfg = MinSizeRel|x64
		{BA2891C4-32A6-3E18-88A5-4BC5857C9857}.MinSizeRel|x64.Build.0 = MinSizeRel|x64
		{BA2891C4-32A6-3E18-88A5-4BC5857C9857}.RelWithDebInfo|x64.ActiveCfg = RelWithDebInfo|x64
		{BA2891C4-32A6-3E18-88A5-4BC5857C9857}.RelWithDebInfo|x64.Build.0 = RelWithDebInfo|x64
		{753F219E-69DA-3E6E-9418-180E6C9A182C}.Debug|x64.ActiveCfg = Debug|x64
		{753F219E-69DA-3E6E-9418-180E6C9A182C}.Debug|x64.Build.0 = Debug|x64
		{753F219E-69DA-3E6E-9418-180E6C9A182C}.Release|x64.ActiveCfg = Release|x64
		{753F219E-69DA-3E6E-9418-180E6C9A182C}.Release|x64.Build.0 = Release|x64
		{753F219E-69DA-3E6E-9418-180E6C9A182C}.MinSizeRel|x64.ActiveCfg = MinSizeRel|x64
		{753F219E-69DA-3E6E-9418-180E6C9A182C}.MinSizeRel|x64.Build.0 = MinSizeRel|x64
		{753F219E-69DA-3E6E-9418-180E6C9A182C}.RelWithDebInfo|x64.ActiveCfg = RelWithDebInfo|x64
		{753F219E-69DA-3E6E-9418-180E6C9A182C}.RelWithDebInfo|x64.Build.0 = RelWithDebInfo|x64
		{04F03426-8AC8-31E2-B705-A9A7CE243390}.Debug|x64.ActiveCfg = Debug|x64
		{04F03426-8AC8-31E2-B705-A9A7CE243390}.Debug|x64.Build.0 = Debug|x64
		{04F03426-8AC8-31E2-B705-A9A7CE243390}.Release|x64.ActiveCfg = Release|x64
		{04F03426-8AC8-31E2-B705-A9A7CE243390}.Release|x64.Build.0 = Release|x64
		{04F03426-8AC8-31E2-B705-A9A7CE243390}.MinSizeRel|x64.ActiveCfg = MinSizeRel|x64
		{04F03426-8AC8-31E2-B705-A9A7CE243390}.MinSizeRel|x64.Build.0 = MinSizeRel|x64
		{04F03426-8AC8-31E2-B705-A9A7CE243390}.RelWithDebInfo|x64.ActiveCfg = RelWithDebInfo|x64
		{04F03426-8AC8-31E2-B705-A9A7CE243390}.RelWithDebInfo|x64.Build.0 = RelWithDebInfo|x64
		{2034FA20-69B4-3015-A762-5A425E92B146}.Debug|x64.ActiveCfg = Debug|x64
		{2034FA20-69B4-3015-A762-5A425E92B146}.Debug|x64.Build.0 = Debug|x64
		{2034FA20-69B4-3015-A762-5A425E92B146}.Release|x64.ActiveCfg = Release|x64
		{2034FA20-69B4-3015-A762-5A425E92B146}.Release|x64.Build.0 = Release|x64
		{2034FA20-69B4-3015-A762-5A425E92B146}.MinSizeRel|x64.ActiveCfg = MinSizeRel|x64
		{2034FA20-69B4-3015-A762-5A425E92B146}.MinSizeRel|x64.Build.0 = MinSizeRel|x64
		{2034FA20-69B4-3015-A762-5A425E92B146}.RelWithDebInfo|x64.ActiveCfg = RelWithDebInfo|x64
		{2034FA20-69B4-3015-A762-5A425E92B146}.RelWithDebInfo|x64.Build.0 = RelWithDebInfo|x64
		{638663D5-A37F-3792-86DE-02467FD7A5CF}.Debug|x64.ActiveCfg = Debug|x64
		{638663D5-A37F-3792-86DE-02467FD7A5CF}.Debug|x64.Build.0 = Debug|x64
		{638663D5-A37F-3792-86DE-02467FD7A5CF}.Release|x64.ActiveCfg = Release|x64
		{638663D5-A37F-3792-86DE-02467FD7A5CF}.Release|x64.Build.0 = Release|x64
		{638663D5-A37F-3792-86DE-02467FD7A5CF}.MinSizeRel|x64.ActiveCfg = MinSizeRel|x64
		{638663D5-A37F-3792-86DE-02467FD7A5CF}.MinSizeRel|x64.Build.0 = MinSizeRel|x64
		{638663D5-A37F-3792-86DE-02467FD7A5CF}.RelWithDebInfo|x64.ActiveCfg = RelWithDebInfo|x64
		{638663D5-A37F-3792-86DE-02467FD7A5CF}.RelWithDebInfo|x64.Build.0 = RelWithDebInfo|x64
		{E7DE77B4-2842-38C7-9A16-14C245033E9F}.Debug|x64.ActiveCfg = Debug|x64
		{E7DE77B4-2842-38C7-9A16-14C245033E9F}.Debug|x64.Build.0 = Debug|x64
		{E7DE77B4-2842-38C7-9A16-14C245033E9F}.Release|x64.ActiveCfg = Release|x64
		{E7DE77B4-2842-38C7-9A16-14C245033E9F}.Release|x64.Build.0 = Release|x64
		{E7DE77B4-2842-38C7-9A16-14C245033E9F}.MinSizeRel|x64.ActiveCfg = MinSizeRel|x64
		{E7DE77B4-2842-38C7-9A16-14C245033E9F}.MinSizeRel|x64.Build.0 = MinSizeRel|x64
		{E7DE77B4-2842-38C7-9A16-14C245033E9F}.RelWithDebInfo|x64.ActiveCfg = RelWithDebInfo|x64
		{E7DE77B4-2842-38C7-9A16-14C245033E9F}.RelWithDebInfo|x64.Build.0 = RelWithDebInfo|x64
		{8C5DE147-B28C-302A-A3C8-1D13AEE4B51E}.Debug|x64.ActiveCfg = Debug|x64
		{8C5DE147-B28C-302A-A3C8-1D13AEE4B51E}.Debug|x64.Build.0 = Debug|x64
		{8C5DE147-B28C-302A-A3C8-1D13AEE4B51E}.Release|x64.ActiveCfg = Release|x64
		{8C5DE147-B28C-302A-A3C8-1D13AEE4B51E}.Release|x64.Build.0 = Release|x64
		{8C5DE147-B28C-302A-A3C8-1D13AEE4B51E}.MinSizeRel|x64.ActiveCfg = MinSizeRel|x64
		{8C5DE147-B28C-302A-A3C8-1D13AEE4B51E}.MinSizeRel|x64.Build.0 = MinSizeRel|x64
		{8C5DE147-B28C-302A-A3C8-1D13AEE4B51E}.RelWithDebInfo|x64.ActiveCfg = RelWithDebInfo|x64
		{8C5DE147-B28C-302A-A3C8-1D13AEE4B51E}.RelWithDebInfo|x64.Build.0 = RelWithDebInfo|x64
		{A88D42CF-B7E6-3F88-8ACA-C72B8207C63D}.Debug|x64.ActiveCfg = Debug|x64
		{A88D42CF-B7E6-3F88-8ACA-C72B8207C63D}.Debug|x64.Build.0 = Debug|x64
		{A88D42CF-B7E6-3F88-8ACA-C72B8207C63D}.Release|x64.ActiveCfg = Release|x64
		{A88D42CF-B7E6-3F88-8ACA-C72B8207C63D}.Release|x64.Build.0 = Release|x64
		{A88D42CF-B7E6-3F88-8ACA-C72B8207C63D}.MinSizeRel|x64.ActiveCfg = MinSizeRel|x64
		{A88D42CF-B7E6-3F88-8ACA-C72B8207C63D}.MinSizeRel|x64.Build.0 = MinSizeRel|x64
		{A88D42CF-B7E6-3F88-8ACA-C72B8207C63D}.RelWithDebInfo|x64.ActiveCfg = RelWithDebInfo|x64
		{A88D42CF-B7E6-3F88-8ACA-C72B8207C63D}.RelWithDebInfo|x64.Build.0 = RelWithDebInfo|x64
		{54F2AD72-823F-3BDD-A330-F4353BE9216C}.Debug|x64.ActiveCfg = Debug|x64
		{54F2AD72-823F-3BDD-A330-F4353BE9216C}.Debug|x64.Build.0 = Debug|x64
		{54F2AD72-823F-3BDD-A330-F4353BE9216C}.Release|x64.ActiveCfg = Release|x64
		{54F2AD72-823F-3BDD-A330-F4353BE9216C}.Release|x64.Build.0 = Release|x64
		{54F2AD72-823F-3BDD-A330-F4353BE9216C}.MinSizeRel|x64.ActiveCfg = MinSizeRel|x64
		{54F2AD72-823F-3BDD-A330-F4353BE9216C}.MinSizeRel|x64.Build.0 = MinSizeRel|x64
		{54F2AD72-823F-3BDD-A330-F4353BE9216C}.RelWithDebInfo|x64.ActiveCfg = RelWithDebInfo|x64
		{54F2AD72-823F-3BDD-A330-F4353BE9216C}.RelWithDebInfo|x64.Build.0 = RelWithDebInfo|x64
		{C498DD9C-D892-373F-9E11-2711EB490EF2}.Debug|x64.ActiveCfg = Debug|x64
		{C498DD9C-D892-373F-9E11-2711EB490EF2}.Debug|x64.Build.0 = Debug|x64
		{C498DD9C-D892-373F-9E11-2711EB490EF2}.Release|x64.ActiveCfg = Release|x64
		{C498DD9C-D892-373F-9E11-2711EB490EF2}.Release|x64.Build.0 = Release|x64
		{C498DD9C-D892-373F-9E11-2711EB490EF2}.MinSizeRel|x64.ActiveCfg = MinSizeRel|x64
		{C498DD9C-D892-373F-9E11-2711EB490EF2}.MinSizeRel|x64.Build.0 = MinSizeRel|x64
		{C498DD9C-D892-373F-9E11-2711EB490EF2}.RelWithDebInfo|x64.ActiveCfg = RelWithDebInfo|x64
		{C498DD9C-D892-373F-9E11-2711EB490EF2}.RelWithDebInfo|x64.Build.0 = RelWithDebInfo|x64
		{77F962E7-17E4-3632-990E-952C257F50A7}.Debug|x64.ActiveCfg = Debug|x64
		{77F962E7-17E4-3632-990E-952C257F50A7}.Debug|x64.Build.0 = Debug|x64
		{77F962E7-17E4-3632-990E-952C257F50A7}.Release|x64.ActiveCfg = Release|x64
		{77F962E7-17E4-3632-990E-952C257F50A7}.Release|x64.Build.0 = Release|x64
		{77F962E7-17E4-3632-990E-952C257F50A7}.MinSizeRel|x64.ActiveCfg = MinSizeRel|x64
		{77F962E7-17E4-3632-990E-952C257F50A7}.MinSizeRel|x64.Build.0 = MinSizeRel|x64
		{77F962E7-17E4-3632-990E-952C257F50A7}.RelWithDebInfo|x64.ActiveCfg = RelWithDebInfo|x64
		{77F962E7-17E4-3632-990E-952C257F50A7}.RelWithDebInfo|x64.Build.0 = RelWithDebInfo|x64
		{BAE83BEB-652F-3E64-A70C-84B1C9949DEB}.Debug|x64.ActiveCfg = Debug|x64
		{BAE83BEB-652F-3E64-A70C-84B1C9949DEB}.Debug|x64.Build.0 = Debug|x64
		{BAE83BEB-652F-3E64-A70C-84B1C9949DEB}.Release|x64.ActiveCfg = Release|x64
		{BAE83BEB-652F-3E64-A70C-84B1C9949DEB}.Release|x64.Build.0 = Release|x64
		{BAE83BEB-652F-3E64-A70C-84B1C9949DEB}.MinSizeRel|x64.ActiveCfg = MinSizeRel|x64
		{BAE83BEB-652F-3E64-A70C-84B1C9949DEB}.MinSizeRel|x64.Build.0 = MinSizeRel|x64
		{BAE83BEB-652F-3E64-A70C-84B1C9949DEB}.RelWithDebInfo|x64.ActiveCfg = RelWithDebInfo|x64
		{BAE83BEB-652F-3E64-A70C-84B1C9949DEB}.RelWithDebInfo|x64.Build.0 = RelWithDebInfo|x64
		{A2FE13A6-DDF2-3CA5-828F-C42A6F432088}.Debug|x64.ActiveCfg = Debug|x64
		{A2FE13A6-DDF2-3CA5-828F-C42A6F432088}.Debug|x64.Build.0 = Debug|x64
		{A2FE13A6-DDF2-3CA5-828F-C42A6F432088}.Release|x64.ActiveCfg = Release|x64
		{A2FE13A6-DDF2-3CA5-828F-C42A6F432088}.Release|x64.Build.0 = Release|x64
		{A2FE13A6-DDF2-3CA5-828F-C42A6F432088}.MinSizeRel|x64.ActiveCfg = MinSizeRel|x64
		{A2FE13A6-DDF2-3CA5-828F-C42A6F432088}.MinSizeRel|x64.Build.0 = MinSizeRel|x64
		{A2FE13A6-DDF2-3CA5-828F-C42A6F432088}.RelWithDebInfo|x64.ActiveCfg = RelWithDebInfo|x64
		{A2FE13A6-DDF2-3CA5-828F-C42A6F432088}.RelWithDebInfo|x64.Build.0 = RelWithDebInfo|x64
		{5A00DECA-D5FE-3B3D-B778-64A8933D9427}.Debug|x64.ActiveCfg = Debug|x64
		{5A00DECA-D5FE-3B3D-B778-64A8933D9427}.Release|x64.ActiveCfg = Release|x64
		{5A00DECA-D5FE-3B3D-B778-64A8933D9427}.MinSizeRel|x64.ActiveCfg = MinSizeRel|x64
		{5A00DECA-D5FE-3B3D-B778-64A8933D9427}.RelWithDebInfo|x64.ActiveCfg = RelWithDebInfo|x64
		{E175895B-899E-33E6-BF67-F797EF8F67C6}.Debug|x64.ActiveCfg = Debug|x64
		{E175895B-899E-33E6-BF67-F797EF8F67C6}.Release|x64.ActiveCfg = Release|x64
		{E175895B-899E-33E6-BF67-F797EF8F67C6}.MinSizeRel|x64.ActiveCfg = MinSizeRel|x64
		{E175895B-899E-33E6-BF67-F797EF8F67C6}.RelWithDebInfo|x64.ActiveCfg = RelWithDebInfo|x64
		{EAD3AFBC-3DD4-3745-BEFB-50BB0C69910B}.Debug|x64.ActiveCfg = Debug|x64
		{EAD3AFBC-3DD4-3745-BEFB-50BB0C69910B}.Debug|x64.Build.0 = Debug|x64
		{EAD3AFBC-3DD4-3745-BEFB-50BB0C69910B}.Release|x64.ActiveCfg = Release|x64
		{EAD3AFBC-3DD4-3745-BEFB-50BB0C69910B}.Release|x64.Build.0 = Release|x64
		{EAD3AFBC-3DD4-3745-BEFB-50BB0C69910B}.MinSizeRel|x64.ActiveCfg = MinSizeRel|x64
		{EAD3AFBC-3DD4-3745-BEFB-50BB0C69910B}.MinSizeRel|x64.Build.0 = MinSizeRel|x64
		{EAD3AFBC-3DD4-3745-BEFB-50BB0C69910B}.RelWithDebInfo|x64.ActiveCfg = RelWithDebInfo|x64
		{EAD3AFBC-3DD4-3745-BEFB-50BB0C69910B}.RelWithDebInfo|x64.Build.0 = RelWithDebInfo|x64
		{D88A149F-7DDB-3A01-8211-8F369DA4EA80}.Debug|x64.ActiveCfg = Debug|x64
		{D88A149F-7DDB-3A01-8211-8F369DA4EA80}.Debug|x64.Build.0 = Debug|x64
		{D88A149F-7DDB-3A01-8211-8F369DA4EA80}.Release|x64.ActiveCfg = Release|x64
		{D88A149F-7DDB-3A01-8211-8F369DA4EA80}.Release|x64.Build.0 = Release|x64
		{D88A149F-7DDB-3A01-8211-8F369DA4EA80}.MinSizeRel|x64.ActiveCfg = MinSizeRel|x64
		{D88A149F-7DDB-3A01-8211-8F369DA4EA80}.MinSizeRel|x64.Build.0 = MinSizeRel|x64
		{D88A149F-7DDB-3A01-8211-8F369DA4EA80}.RelWithDebInfo|x64.ActiveCfg = RelWithDebInfo|x64
		{D88A149F-7DDB-3A01-8211-8F369DA4EA80}.RelWithDebInfo|x64.Build.0 = RelWithDebInfo|x64
	EndGlobalSection
	GlobalSection(NestedProjects) = preSolution
		{D2BF1E5A-D026-3515-8F6A-5E3F4DF8364D} = {6884985F-AAB1-3B7C-AF8A-3F2E9F814636}
		{5B59EA66-C38D-379C-A205-D0D65A178C13} = {6884985F-AAB1-3B7C-AF8A-3F2E9F814636}
		{B4E88372-0354-343A-AAC5-EFD99F1959B3} = {6884985F-AAB1-3B7C-AF8A-3F2E9F814636}
		{DFC1ECB0-AACD-3E82-B118-08471A379A2F} = {E8BD32A4-6A1A-3895-B3E9-EAA61E9CBEF1}
		{DC9ACEC3-6AE8-3039-9618-55099F2879FE} = {E8BD32A4-6A1A-3895-B3E9-EAA61E9CBEF1}
		{6578ECAA-3F13-3B5D-9515-334102FB1698} = {E8BD32A4-6A1A-3895-B3E9-EAA61E9CBEF1}
		{5A00DECA-D5FE-3B3D-B778-64A8933D9427} = {E8BD32A4-6A1A-3895-B3E9-EAA61E9CBEF1}
		{E175895B-899E-33E6-BF67-F797EF8F67C6} = {E8BD32A4-6A1A-3895-B3E9-EAA61E9CBEF1}
		{ED3A80AD-CBC3-3B61-BBD1-202B7A271D45} = {DFC1ECB0-AACD-3E82-B118-08471A379A2F}
		{E2EABB90-10FB-34BF-81E8-5F83CE5AA519} = {DFC1ECB0-AACD-3E82-B118-08471A379A2F}
		{0F9595C3-6826-354E-AB58-C70D648D947E} = {DFC1ECB0-AACD-3E82-B118-08471A379A2F}
		{BED5D208-85E0-30B8-97CE-802AA05D9ED8} = {DFC1ECB0-AACD-3E82-B118-08471A379A2F}
		{753F219E-69DA-3E6E-9418-180E6C9A182C} = {DFC1ECB0-AACD-3E82-B118-08471A379A2F}
		{2034FA20-69B4-3015-A762-5A425E92B146} = {DFC1ECB0-AACD-3E82-B118-08471A379A2F}
		{638663D5-A37F-3792-86DE-02467FD7A5CF} = {DFC1ECB0-AACD-3E82-B118-08471A379A2F}
		{E7DE77B4-2842-38C7-9A16-14C245033E9F} = {DFC1ECB0-AACD-3E82-B118-08471A379A2F}
		{EAD3AFBC-3DD4-3745-BEFB-50BB0C69910B} = {DFC1ECB0-AACD-3E82-B118-08471A379A2F}
		{303BECE8-3529-30C1-B8E1-A9690E804576} = {DC9ACEC3-6AE8-3039-9618-55099F2879FE}
		{DC2B9BA5-3E39-310A-A2CA-10144D482B98} = {DC9ACEC3-6AE8-3039-9618-55099F2879FE}
		{53B8B476-3694-3166-A507-046BDDAA04B9} = {DC9ACEC3-6AE8-3039-9618-55099F2879FE}
		{6E2F9CCE-49FC-3CB7-8225-575C1030E53E} = {DC9ACEC3-6AE8-3039-9618-55099F2879FE}
		{E00BFD59-DA43-303F-B943-A63B1F2E8A3C} = {DC9ACEC3-6AE8-3039-9618-55099F2879FE}
		{F5F0C67E-9246-33CB-8AC9-88F8CA3D93EA} = {DC9ACEC3-6AE8-3039-9618-55099F2879FE}
		{A59D97DD-C610-3110-9752-5D23A3C0AA19} = {DC9ACEC3-6AE8-3039-9618-55099F2879FE}
		{A1365E74-16A9-3E7A-8C2D-53E08F82A474} = {DC9ACEC3-6AE8-3039-9618-55099F2879FE}
		{3BF72CAD-B757-31FC-8020-3B85EC7084FD} = {DC9ACEC3-6AE8-3039-9618-55099F2879FE}
		{6D079D44-FADE-39EA-A724-AB7714BFEFFE} = {DC9ACEC3-6AE8-3039-9618-55099F2879FE}
		{2934590B-EFFF-39D3-97FC-1C5218ADE877} = {DC9ACEC3-6AE8-3039-9618-55099F2879FE}
		{89C73003-4850-319E-AC6C-C5479AE157B2} = {DC9ACEC3-6AE8-3039-9618-55099F2879FE}
		{BA2891C4-32A6-3E18-88A5-4BC5857C9857} = {DC9ACEC3-6AE8-3039-9618-55099F2879FE}
		{04F03426-8AC8-31E2-B705-A9A7CE243390} = {DC9ACEC3-6AE8-3039-9618-55099F2879FE}
		{A88D42CF-B7E6-3F88-8ACA-C72B8207C63D} = {DC9ACEC3-6AE8-3039-9618-55099F2879FE}
		{54F2AD72-823F-3BDD-A330-F4353BE9216C} = {DC9ACEC3-6AE8-3039-9618-55099F2879FE}
		{C498DD9C-D892-373F-9E11-2711EB490EF2} = {DC9ACEC3-6AE8-3039-9618-55099F2879FE}
		{77F962E7-17E4-3632-990E-952C257F50A7} = {DC9ACEC3-6AE8-3039-9618-55099F2879FE}
		{A2FE13A6-DDF2-3CA5-828F-C42A6F432088} = {DC9ACEC3-6AE8-3039-9618-55099F2879FE}
		{D88A149F-7DDB-3A01-8211-8F369DA4EA80} = {DC9ACEC3-6AE8-3039-9618-55099F2879FE}
	EndGlobalSection
	GlobalSection(ExtensibilityGlobals) = postSolution
		SolutionGuid = {9034A639-9147-3F1E-8B81-239923BACAF2}
	EndGlobalSection
	GlobalSection(ExtensibilityAddIns) = postSolution
	EndGlobalSection
EndGlobal
